
Microsoft Visual Studio Solution File, Format Version 12.00
# Visual Studio Version 17
VisualStudioVersion = 17.13.35825.156 d17.13
MinimumVisualStudioVersion = 10.0.40219.1
Project("{FAE04EC0-301F-11D3-BF4B-00C04F79EFBC}") = "ClassificaçãoDeTriangulos.ConsoleApp", "ClassificaçãoDeTriangulos.ConsoleApp\ClassificaçãoDeTriangulos.ConsoleApp.csproj", "{598A283C-E6B8-42A5-A35A-F8C5863E48E6}"
EndProject
Global
	GlobalSection(SolutionConfigurationPlatforms) = preSolution
		Debug|Any CPU = Debug|Any CPU
		Release|Any CPU = Release|Any CPU
	EndGlobalSection
	GlobalSection(ProjectConfigurationPlatforms) = postSolution
		{598A283C-E6B8-42A5-A35A-F8C5863E48E6}.Debug|Any CPU.ActiveCfg = Debug|Any CPU
		{598A283C-E6B8-42A5-A35A-F8C5863E48E6}.Debug|Any CPU.Build.0 = Debug|Any CPU
		{598A283C-E6B8-42A5-A35A-F8C5863E48E6}.Release|Any CPU.ActiveCfg = Release|Any CPU
		{598A283C-E6B8-42A5-A35A-F8C5863E48E6}.Release|Any CPU.Build.0 = Release|Any CPU
	EndGlobalSection
	GlobalSection(SolutionProperties) = preSolution
		HideSolutionNode = FALSE
	EndGlobalSection
	GlobalSection(ExtensibilityGlobals) = postSolution
		SolutionGuid = {82160B22-663F-4B81-83EA-F471B98BB154}
	EndGlobalSection
EndGlobal
